
Microsoft Visual Studio Solution File, Format Version 12.00
# Visual Studio Version 17
VisualStudioVersion = 17.2.32630.192
MinimumVisualStudioVersion = 10.0.40219.1
Project("{FAE04EC0-301F-11D3-BF4B-00C04F79EFBC}") = "YClientsSDK", "YClientsSDK\YClientsSDK.csproj", "{BF3E2EDD-7CC0-4C1C-B647-AD371CE00C75}"
EndProject
Global
	GlobalSection(SolutionConfigurationPlatforms) = preSolution
		Debug|Any CPU = Debug|Any CPU
		Release|Any CPU = Release|Any CPU
	EndGlobalSection
	GlobalSection(ProjectConfigurationPlatforms) = postSolution
		{BF3E2EDD-7CC0-4C1C-B647-AD371CE00C75}.Debug|Any CPU.ActiveCfg = Debug|Any CPU
		{BF3E2EDD-7CC0-4C1C-B647-AD371CE00C75}.Debug|Any CPU.Build.0 = Debug|Any CPU
		{BF3E2EDD-7CC0-4C1C-B647-AD371CE00C75}.Release|Any CPU.ActiveCfg = Release|Any CPU
		{BF3E2EDD-7CC0-4C1C-B647-AD371CE00C75}.Release|Any CPU.Build.0 = Release|Any CPU
	EndGlobalSection
	GlobalSection(SolutionProperties) = preSolution
		HideSolutionNode = FALSE
	EndGlobalSection
	GlobalSection(ExtensibilityGlobals) = postSolution
		SolutionGuid = {BC82F0B4-F6F2-4B83-8E4A-DAD46C7B4D48}
	EndGlobalSection
EndGlobal
